
Microsoft Visual Studio Solution File, Format Version 12.00
# Visual Studio 2013
VisualStudioVersion = 12.0.30723.0
MinimumVisualStudioVersion = 10.0.40219.1
Project("{FAE04EC0-301F-11D3-BF4B-00C04F79EFBC}") = "TestMagic", "src\TestMagic\TestMagic.csproj", "{252921A9-D046-49AC-9185-87087761C182}"
EndProject
Project("{FAE04EC0-301F-11D3-BF4B-00C04F79EFBC}") = "TestMagic.Tests", "tests\TestMagic.Tests\TestMagic.Tests.csproj", "{47624F30-F05A-43CD-B089-0CFE847375B3}"
EndProject
Project("{2150E333-8FDC-42A3-9474-1A3956D46DE8}") = "Tests", "Tests", "{FDA154F2-F021-4365-AE3D-153E1DA4075C}"
EndProject
Global
	GlobalSection(SolutionConfigurationPlatforms) = preSolution
		Debug|Any CPU = Debug|Any CPU
		Release|Any CPU = Release|Any CPU
	EndGlobalSection
	GlobalSection(ProjectConfigurationPlatforms) = postSolution
		{252921A9-D046-49AC-9185-87087761C182}.Debug|Any CPU.ActiveCfg = Debug|Any CPU
		{252921A9-D046-49AC-9185-87087761C182}.Debug|Any CPU.Build.0 = Debug|Any CPU
		{252921A9-D046-49AC-9185-87087761C182}.Release|Any CPU.ActiveCfg = Release|Any CPU
		{252921A9-D046-49AC-9185-87087761C182}.Release|Any CPU.Build.0 = Release|Any CPU
		{47624F30-F05A-43CD-B089-0CFE847375B3}.Debug|Any CPU.ActiveCfg = Debug|Any CPU
		{47624F30-F05A-43CD-B089-0CFE847375B3}.Debug|Any CPU.Build.0 = Debug|Any CPU
		{47624F30-F05A-43CD-B089-0CFE847375B3}.Release|Any CPU.ActiveCfg = Release|Any CPU
		{47624F30-F05A-43CD-B089-0CFE847375B3}.Release|Any CPU.Build.0 = Release|Any CPU
	EndGlobalSection
	GlobalSection(SolutionProperties) = preSolution
		HideSolutionNode = FALSE
	EndGlobalSection
	GlobalSection(NestedProjects) = preSolution
		{47624F30-F05A-43CD-B089-0CFE847375B3} = {FDA154F2-F021-4365-AE3D-153E1DA4075C}
	EndGlobalSection
	GlobalSection(TestCaseManagementSettings) = postSolution
		CategoryFile = TestMagic.vsmdi
	EndGlobalSection
EndGlobal
